
Microsoft Visual Studio Solution File, Format Version 12.00
# Visual Studio 14
VisualStudioVersion = 14.0.25123.0
MinimumVisualStudioVersion = 10.0.40219.1
Project("{FAE04EC0-301F-11D3-BF4B-00C04F79EFBC}") = "RecipeWarehouse", "RecipeWarehouse\RecipeWarehouse.csproj", "{C2962F47-4B6D-42B2-BE09-CB4F43542FB3}"
EndProject
Project("{FAE04EC0-301F-11D3-BF4B-00C04F79EFBC}") = "RecipeWarehouse.Tests", "RecipeWarehouse.Tests\RecipeWarehouse.Tests.csproj", "{F72C1C03-2EB4-4376-BAC7-8729360FF879}"
EndProject
Global
	GlobalSection(SolutionConfigurationPlatforms) = preSolution
		Debug|Any CPU = Debug|Any CPU
		Release|Any CPU = Release|Any CPU
	EndGlobalSection
	GlobalSection(ProjectConfigurationPlatforms) = postSolution
		{C2962F47-4B6D-42B2-BE09-CB4F43542FB3}.Debug|Any CPU.ActiveCfg = Debug|Any CPU
		{C2962F47-4B6D-42B2-BE09-CB4F43542FB3}.Debug|Any CPU.Build.0 = Debug|Any CPU
		{C2962F47-4B6D-42B2-BE09-CB4F43542FB3}.Release|Any CPU.ActiveCfg = Release|Any CPU
		{C2962F47-4B6D-42B2-BE09-CB4F43542FB3}.Release|Any CPU.Build.0 = Release|Any CPU
		{F72C1C03-2EB4-4376-BAC7-8729360FF879}.Debug|Any CPU.ActiveCfg = Debug|Any CPU
		{F72C1C03-2EB4-4376-BAC7-8729360FF879}.Debug|Any CPU.Build.0 = Debug|Any CPU
		{F72C1C03-2EB4-4376-BAC7-8729360FF879}.Release|Any CPU.ActiveCfg = Release|Any CPU
		{F72C1C03-2EB4-4376-BAC7-8729360FF879}.Release|Any CPU.Build.0 = Release|Any CPU
	EndGlobalSection
	GlobalSection(SolutionProperties) = preSolution
		HideSolutionNode = FALSE
	EndGlobalSection
EndGlobal
